
Microsoft Visual Studio Solution File, Format Version 12.00
# Visual Studio Version 16
VisualStudioVersion = 16.0.30517.126
MinimumVisualStudioVersion = 10.0.40219.1
Project("{9A19103F-16F7-4668-BE54-9A1E7A4F7556}") = "Remosys.Api", "Remosys.Api\Remosys.Api.csproj", "{C7D3F87E-1A82-4531-8C78-B9A1C1F99606}"
EndProject
Project("{9A19103F-16F7-4668-BE54-9A1E7A4F7556}") = "Remosys.Common", "Remosys.Common\Remosys.Common.csproj", "{6E711500-8157-4A20-8131-B7D3C8450DED}"
EndProject
Project("{E53339B2-1760-4266-BCC7-CA923CBCF16C}") = "docker-compose", "docker-compose.dcproj", "{58BDAFDA-C55C-44A4-A80B-368D5472A0EF}"
EndProject
Global
	GlobalSection(SolutionConfigurationPlatforms) = preSolution
		Debug|Any CPU = Debug|Any CPU
		Release|Any CPU = Release|Any CPU
	EndGlobalSection
	GlobalSection(ProjectConfigurationPlatforms) = postSolution
		{C7D3F87E-1A82-4531-8C78-B9A1C1F99606}.Debug|Any CPU.ActiveCfg = Debug|Any CPU
		{C7D3F87E-1A82-4531-8C78-B9A1C1F99606}.Debug|Any CPU.Build.0 = Debug|Any CPU
		{C7D3F87E-1A82-4531-8C78-B9A1C1F99606}.Release|Any CPU.ActiveCfg = Release|Any CPU
		{C7D3F87E-1A82-4531-8C78-B9A1C1F99606}.Release|Any CPU.Build.0 = Release|Any CPU
		{6E711500-8157-4A20-8131-B7D3C8450DED}.Debug|Any CPU.ActiveCfg = Debug|Any CPU
		{6E711500-8157-4A20-8131-B7D3C8450DED}.Debug|Any CPU.Build.0 = Debug|Any CPU
		{6E711500-8157-4A20-8131-B7D3C8450DED}.Release|Any CPU.ActiveCfg = Release|Any CPU
		{6E711500-8157-4A20-8131-B7D3C8450DED}.Release|Any CPU.Build.0 = Release|Any CPU
		{58BDAFDA-C55C-44A4-A80B-368D5472A0EF}.Debug|Any CPU.ActiveCfg = Debug|Any CPU
		{58BDAFDA-C55C-44A4-A80B-368D5472A0EF}.Debug|Any CPU.Build.0 = Debug|Any CPU
		{58BDAFDA-C55C-44A4-A80B-368D5472A0EF}.Release|Any CPU.ActiveCfg = Release|Any CPU
		{58BDAFDA-C55C-44A4-A80B-368D5472A0EF}.Release|Any CPU.Build.0 = Release|Any CPU
	EndGlobalSection
	GlobalSection(SolutionProperties) = preSolution
		HideSolutionNode = FALSE
	EndGlobalSection
	GlobalSection(ExtensibilityGlobals) = postSolution
		SolutionGuid = {F1006DC0-1FD2-4A3E-9864-820D3A1552E4}
	EndGlobalSection
EndGlobal
